
Microsoft Visual Studio Solution File, Format Version 12.00
# Visual Studio Version 16
VisualStudioVersion = 16.0.30804.86
MinimumVisualStudioVersion = 10.0.40219.1
Project("{FAE04EC0-301F-11D3-BF4B-00C04F79EFBC}") = "IP3", "IP3.csproj", "{5595B6E4-384B-4B90-B572-D6B2FE881DC9}"
EndProject
Global
	GlobalSection(SolutionConfigurationPlatforms) = preSolution
		Debug|Any CPU = Debug|Any CPU
		Release|Any CPU = Release|Any CPU
	EndGlobalSection
	GlobalSection(ProjectConfigurationPlatforms) = postSolution
		{5595B6E4-384B-4B90-B572-D6B2FE881DC9}.Debug|Any CPU.ActiveCfg = Debug|Any CPU
		{5595B6E4-384B-4B90-B572-D6B2FE881DC9}.Debug|Any CPU.Build.0 = Debug|Any CPU
		{5595B6E4-384B-4B90-B572-D6B2FE881DC9}.Release|Any CPU.ActiveCfg = Release|Any CPU
		{5595B6E4-384B-4B90-B572-D6B2FE881DC9}.Release|Any CPU.Build.0 = Release|Any CPU
	EndGlobalSection
	GlobalSection(SolutionProperties) = preSolution
		HideSolutionNode = FALSE
	EndGlobalSection
	GlobalSection(ExtensibilityGlobals) = postSolution
		SolutionGuid = {6975F4E2-AC6D-402F-AA42-D2EF0F8B15D0}
	EndGlobalSection
EndGlobal
